
Microsoft Visual Studio Solution File, Format Version 12.00
# Visual Studio Version 17
VisualStudioVersion = 17.11.35222.181
MinimumVisualStudioVersion = 10.0.40219.1
Project("{8BC9CEB8-8B4A-11D0-8D11-00A0C91BC942}") = "DirectX", "DirectX\DirectX.vcxproj", "{0445F43B-A60C-4908-8874-44A30F02D919}"
	ProjectSection(ProjectDependencies) = postProject
		{61B333C2-C4F7-4CC1-A9BF-83F6D95588EB} = {61B333C2-C4F7-4CC1-A9BF-83F6D95588EB}
		{85344B7F-5AA0-4E12-A065-D1333D11F6CA} = {85344B7F-5AA0-4E12-A065-D1333D11F6CA}
		{DF460EAB-570D-4B50-9089-2E2FC801BF38} = {DF460EAB-570D-4B50-9089-2E2FC801BF38}
	EndProjectSection
EndProject
Project("{8BC9CEB8-8B4A-11D0-8D11-00A0C91BC942}") = "DXUT", "DXUT\Core\DXUT_2019_Win10.vcxproj", "{85344B7F-5AA0-4E12-A065-D1333D11F6CA}"
EndProject
Project("{8BC9CEB8-8B4A-11D0-8D11-00A0C91BC942}") = "DXUTOpt", "DXUT\Optional\DXUTOpt_2019_Win10.vcxproj", "{61B333C2-C4F7-4CC1-A9BF-83F6D95588EB}"
EndProject
Project("{8BC9CEB8-8B4A-11D0-8D11-00A0C91BC942}") = "Effects11", "Effects11\Effects11_2019_Win10.vcxproj", "{DF460EAB-570D-4B50-9089-2E2FC801BF38}"
EndProject
Project("{8BC9CEB8-8B4A-11D0-8D11-00A0C91BC942}") = "GeometryShader", "Chapter11_GeometryShader\Chapter11_GeometryShader.vcxproj", "{2F25AF01-4FE5-4091-8C4A-C3B221D03F3A}"
EndProject
Project("{8BC9CEB8-8B4A-11D0-8D11-00A0C91BC942}") = "BasicTessellation", "Chapter13\BasicTessellation\BasicTessellation.vcxproj", "{360B6F54-BDFC-41AC-8625-7B7614098691}"
EndProject
Project("{8BC9CEB8-8B4A-11D0-8D11-00A0C91BC942}") = "BezierPatchTessellation", "Chapter13\BezierPatchTessellation\BezierPatchTessellation.vcxproj", "{51C1D398-5FB3-4FD6-8A88-9AA267F98D30}"
EndProject
Project("{8BC9CEB8-8B4A-11D0-8D11-00A0C91BC942}") = "InstancingAndFrustumCulling", "Chapter15\Instancing and Frustum Culling\InstancingAndFrustumCulling.vcxproj", "{644552A9-943E-4C07-A344-C8CBACEADD28}"
EndProject
Project("{8BC9CEB8-8B4A-11D0-8D11-00A0C91BC942}") = "Picking", "Chapter16\Picking.vcxproj", "{2294BAA4-DDE7-4520-996D-0A2F3D329C42}"
EndProject
Project("{8BC9CEB8-8B4A-11D0-8D11-00A0C91BC942}") = "CubeMap", "Chapter17\CubeMap\CubeMap.vcxproj", "{1C5CEAE3-6F92-4768-B227-E082956A4EE7}"
EndProject
Project("{8BC9CEB8-8B4A-11D0-8D11-00A0C91BC942}") = "CubeMapDynamic", "Chapter17\CubeMapDynamic\CubeMapDynamic.vcxproj", "{1202395F-3F20-4B6B-B963-B05F6067159A}"
EndProject
Project("{8BC9CEB8-8B4A-11D0-8D11-00A0C91BC942}") = "NormalMap", "Chapter18\Normal Mapping\NormalAndDisplacementMapping.vcxproj", "{30DA7469-861C-4FEE-B442-C129BAC444AA}"
EndProject
Project("{8BC9CEB8-8B4A-11D0-8D11-00A0C91BC942}") = "DisplacementMapping", "Chapter18\Displacement Mapping\DisplacementMapping.vcxproj", "{CE184B0F-55D2-4A8E-9CC2-2D4F6BE344E1}"
EndProject
Project("{8BC9CEB8-8B4A-11D0-8D11-00A0C91BC942}") = "TerrainRendering", "Chapter19\TerrainRendering\TerrainRendering.vcxproj", "{8879A235-F8AA-43D5-B6FE-A96CF42F02F1}"
EndProject
Project("{8BC9CEB8-8B4A-11D0-8D11-00A0C91BC942}") = "MeshesDemo", "Chapter23\Meshes\MeshesDemo.vcxproj", "{988F1768-7CE0-4CF3-A441-D8171D105FCE}"
EndProject
Project("{8BC9CEB8-8B4A-11D0-8D11-00A0C91BC942}") = "AnimationDemo", "Final Chapter\AnimationDemo.vcxproj", "{74BF1D0F-AE3A-4E6C-AD65-74279889B2BC}"
EndProject
Global
	GlobalSection(SolutionConfigurationPlatforms) = preSolution
		Debug|x64 = Debug|x64
		Debug|x86 = Debug|x86
		Profile|x64 = Profile|x64
		Profile|x86 = Profile|x86
		Release|x64 = Release|x64
		Release|x86 = Release|x86
	EndGlobalSection
	GlobalSection(ProjectConfigurationPlatforms) = postSolution
		{0445F43B-A60C-4908-8874-44A30F02D919}.Debug|x64.ActiveCfg = Debug|x64
		{0445F43B-A60C-4908-8874-44A30F02D919}.Debug|x64.Build.0 = Debug|x64
		{0445F43B-A60C-4908-8874-44A30F02D919}.Debug|x86.ActiveCfg = Debug|Win32
		{0445F43B-A60C-4908-8874-44A30F02D919}.Debug|x86.Build.0 = Debug|Win32
		{0445F43B-A60C-4908-8874-44A30F02D919}.Profile|x64.ActiveCfg = Release|x64
		{0445F43B-A60C-4908-8874-44A30F02D919}.Profile|x64.Build.0 = Release|x64
		{0445F43B-A60C-4908-8874-44A30F02D919}.Profile|x86.ActiveCfg = Release|Win32
		{0445F43B-A60C-4908-8874-44A30F02D919}.Profile|x86.Build.0 = Release|Win32
		{0445F43B-A60C-4908-8874-44A30F02D919}.Release|x64.ActiveCfg = Release|x64
		{0445F43B-A60C-4908-8874-44A30F02D919}.Release|x64.Build.0 = Release|x64
		{0445F43B-A60C-4908-8874-44A30F02D919}.Release|x86.ActiveCfg = Release|Win32
		{0445F43B-A60C-4908-8874-44A30F02D919}.Release|x86.Build.0 = Release|Win32
		{85344B7F-5AA0-4E12-A065-D1333D11F6CA}.Debug|x64.ActiveCfg = Debug|x64
		{85344B7F-5AA0-4E12-A065-D1333D11F6CA}.Debug|x64.Build.0 = Debug|x64
		{85344B7F-5AA0-4E12-A065-D1333D11F6CA}.Debug|x86.ActiveCfg = Debug|Win32
		{85344B7F-5AA0-4E12-A065-D1333D11F6CA}.Debug|x86.Build.0 = Debug|Win32
		{85344B7F-5AA0-4E12-A065-D1333D11F6CA}.Profile|x64.ActiveCfg = Profile|x64
		{85344B7F-5AA0-4E12-A065-D1333D11F6CA}.Profile|x64.Build.0 = Profile|x64
		{85344B7F-5AA0-4E12-A065-D1333D11F6CA}.Profile|x86.ActiveCfg = Profile|Win32
		{85344B7F-5AA0-4E12-A065-D1333D11F6CA}.Profile|x86.Build.0 = Profile|Win32
		{85344B7F-5AA0-4E12-A065-D1333D11F6CA}.Release|x64.ActiveCfg = Release|x64
		{85344B7F-5AA0-4E12-A065-D1333D11F6CA}.Release|x64.Build.0 = Release|x64
		{85344B7F-5AA0-4E12-A065-D1333D11F6CA}.Release|x86.ActiveCfg = Release|Win32
		{85344B7F-5AA0-4E12-A065-D1333D11F6CA}.Release|x86.Build.0 = Release|Win32
		{61B333C2-C4F7-4CC1-A9BF-83F6D95588EB}.Debug|x64.ActiveCfg = Debug|x64
		{61B333C2-C4F7-4CC1-A9BF-83F6D95588EB}.Debug|x64.Build.0 = Debug|x64
		{61B333C2-C4F7-4CC1-A9BF-83F6D95588EB}.Debug|x86.ActiveCfg = Debug|Win32
		{61B333C2-C4F7-4CC1-A9BF-83F6D95588EB}.Debug|x86.Build.0 = Debug|Win32
		{61B333C2-C4F7-4CC1-A9BF-83F6D95588EB}.Profile|x64.ActiveCfg = Profile|x64
		{61B333C2-C4F7-4CC1-A9BF-83F6D95588EB}.Profile|x64.Build.0 = Profile|x64
		{61B333C2-C4F7-4CC1-A9BF-83F6D95588EB}.Profile|x86.ActiveCfg = Profile|Win32
		{61B333C2-C4F7-4CC1-A9BF-83F6D95588EB}.Profile|x86.Build.0 = Profile|Win32
		{61B333C2-C4F7-4CC1-A9BF-83F6D95588EB}.Release|x64.ActiveCfg = Release|x64
		{61B333C2-C4F7-4CC1-A9BF-83F6D95588EB}.Release|x64.Build.0 = Release|x64
		{61B333C2-C4F7-4CC1-A9BF-83F6D95588EB}.Release|x86.ActiveCfg = Release|Win32
		{61B333C2-C4F7-4CC1-A9BF-83F6D95588EB}.Release|x86.Build.0 = Release|Win32
		{DF460EAB-570D-4B50-9089-2E2FC801BF38}.Debug|x64.ActiveCfg = Debug|x64
		{DF460EAB-570D-4B50-9089-2E2FC801BF38}.Debug|x64.Build.0 = Debug|x64
		{DF460EAB-570D-4B50-9089-2E2FC801BF38}.Debug|x86.ActiveCfg = Debug|Win32
		{DF460EAB-570D-4B50-9089-2E2FC801BF38}.Debug|x86.Build.0 = Debug|Win32
		{DF460EAB-570D-4B50-9089-2E2FC801BF38}.Profile|x64.ActiveCfg = Profile|x64
		{DF460EAB-570D-4B50-9089-2E2FC801BF38}.Profile|x64.Build.0 = Profile|x64
		{DF460EAB-570D-4B50-9089-2E2FC801BF38}.Profile|x86.ActiveCfg = Profile|Win32
		{DF460EAB-570D-4B50-9089-2E2FC801BF38}.Profile|x86.Build.0 = Profile|Win32
		{DF460EAB-570D-4B50-9089-2E2FC801BF38}.Release|x64.ActiveCfg = Release|x64
		{DF460EAB-570D-4B50-9089-2E2FC801BF38}.Release|x64.Build.0 = Release|x64
		{DF460EAB-570D-4B50-9089-2E2FC801BF38}.Release|x86.ActiveCfg = Release|Win32
		{DF460EAB-570D-4B50-9089-2E2FC801BF38}.Release|x86.Build.0 = Release|Win32
		{2F25AF01-4FE5-4091-8C4A-C3B221D03F3A}.Debug|x64.ActiveCfg = Debug|x64
		{2F25AF01-4FE5-4091-8C4A-C3B221D03F3A}.Debug|x64.Build.0 = Debug|x64
		{2F25AF01-4FE5-4091-8C4A-C3B221D03F3A}.Debug|x86.ActiveCfg = Debug|Win32
		{2F25AF01-4FE5-4091-8C4A-C3B221D03F3A}.Debug|x86.Build.0 = Debug|Win32
		{2F25AF01-4FE5-4091-8C4A-C3B221D03F3A}.Profile|x64.ActiveCfg = Debug|x64
		{2F25AF01-4FE5-4091-8C4A-C3B221D03F3A}.Profile|x64.Build.0 = Debug|x64
		{2F25AF01-4FE5-4091-8C4A-C3B221D03F3A}.Profile|x86.ActiveCfg = Debug|Win32
		{2F25AF01-4FE5-4091-8C4A-C3B221D03F3A}.Profile|x86.Build.0 = Debug|Win32
		{2F25AF01-4FE5-4091-8C4A-C3B221D03F3A}.Release|x64.ActiveCfg = Release|x64
		{2F25AF01-4FE5-4091-8C4A-C3B221D03F3A}.Release|x64.Build.0 = Release|x64
		{2F25AF01-4FE5-4091-8C4A-C3B221D03F3A}.Release|x86.ActiveCfg = Release|Win32
		{2F25AF01-4FE5-4091-8C4A-C3B221D03F3A}.Release|x86.Build.0 = Release|Win32
		{360B6F54-BDFC-41AC-8625-7B7614098691}.Debug|x64.ActiveCfg = Debug|x64
		{360B6F54-BDFC-41AC-8625-7B7614098691}.Debug|x64.Build.0 = Debug|x64
		{360B6F54-BDFC-41AC-8625-7B7614098691}.Debug|x86.ActiveCfg = Debug|Win32
		{360B6F54-BDFC-41AC-8625-7B7614098691}.Debug|x86.Build.0 = Debug|Win32
		{360B6F54-BDFC-41AC-8625-7B7614098691}.Profile|x64.ActiveCfg = Debug|x64
		{360B6F54-BDFC-41AC-8625-7B7614098691}.Profile|x64.Build.0 = Debug|x64
		{360B6F54-BDFC-41AC-8625-7B7614098691}.Profile|x86.ActiveCfg = Debug|Win32
		{360B6F54-BDFC-41AC-8625-7B7614098691}.Profile|x86.Build.0 = Debug|Win32
		{360B6F54-BDFC-41AC-8625-7B7614098691}.Release|x64.ActiveCfg = Release|x64
		{360B6F54-BDFC-41AC-8625-7B7614098691}.Release|x64.Build.0 = Release|x64
		{360B6F54-BDFC-41AC-8625-7B7614098691}.Release|x86.ActiveCfg = Release|Win32
		{360B6F54-BDFC-41AC-8625-7B7614098691}.Release|x86.Build.0 = Release|Win32
		{51C1D398-5FB3-4FD6-8A88-9AA267F98D30}.Debug|x64.ActiveCfg = Debug|x64
		{51C1D398-5FB3-4FD6-8A88-9AA267F98D30}.Debug|x64.Build.0 = Debug|x64
		{51C1D398-5FB3-4FD6-8A88-9AA267F98D30}.Debug|x86.ActiveCfg = Debug|Win32
		{51C1D398-5FB3-4FD6-8A88-9AA267F98D30}.Debug|x86.Build.0 = Debug|Win32
		{51C1D398-5FB3-4FD6-8A88-9AA267F98D30}.Profile|x64.ActiveCfg = Debug|x64
		{51C1D398-5FB3-4FD6-8A88-9AA267F98D30}.Profile|x64.Build.0 = Debug|x64
		{51C1D398-5FB3-4FD6-8A88-9AA267F98D30}.Profile|x86.ActiveCfg = Debug|Win32
		{51C1D398-5FB3-4FD6-8A88-9AA267F98D30}.Profile|x86.Build.0 = Debug|Win32
		{51C1D398-5FB3-4FD6-8A88-9AA267F98D30}.Release|x64.ActiveCfg = Release|x64
		{51C1D398-5FB3-4FD6-8A88-9AA267F98D30}.Release|x64.Build.0 = Release|x64
		{51C1D398-5FB3-4FD6-8A88-9AA267F98D30}.Release|x86.ActiveCfg = Release|Win32
		{51C1D398-5FB3-4FD6-8A88-9AA267F98D30}.Release|x86.Build.0 = Release|Win32
		{644552A9-943E-4C07-A344-C8CBACEADD28}.Debug|x64.ActiveCfg = Debug|x64
		{644552A9-943E-4C07-A344-C8CBACEADD28}.Debug|x64.Build.0 = Debug|x64
		{644552A9-943E-4C07-A344-C8CBACEADD28}.Debug|x86.ActiveCfg = Debug|Win32
		{644552A9-943E-4C07-A344-C8CBACEADD28}.Debug|x86.Build.0 = Debug|Win32
		{644552A9-943E-4C07-A344-C8CBACEADD28}.Profile|x64.ActiveCfg = Debug|x64
		{644552A9-943E-4C07-A344-C8CBACEADD28}.Profile|x64.Build.0 = Debug|x64
		{644552A9-943E-4C07-A344-C8CBACEADD28}.Profile|x86.ActiveCfg = Debug|Win32
		{644552A9-943E-4C07-A344-C8CBACEADD28}.Profile|x86.Build.0 = Debug|Win32
		{644552A9-943E-4C07-A344-C8CBACEADD28}.Release|x64.ActiveCfg = Release|x64
		{644552A9-943E-4C07-A344-C8CBACEADD28}.Release|x64.Build.0 = Release|x64
		{644552A9-943E-4C07-A344-C8CBACEADD28}.Release|x86.ActiveCfg = Release|Win32
		{644552A9-943E-4C07-A344-C8CBACEADD28}.Release|x86.Build.0 = Release|Win32
		{2294BAA4-DDE7-4520-996D-0A2F3D329C42}.Debug|x64.ActiveCfg = Debug|x64
		{2294BAA4-DDE7-4520-996D-0A2F3D329C42}.Debug|x64.Build.0 = Debug|x64
		{2294BAA4-DDE7-4520-996D-0A2F3D329C42}.Debug|x86.ActiveCfg = Debug|Win32
		{2294BAA4-DDE7-4520-996D-0A2F3D329C42}.Debug|x86.Build.0 = Debug|Win32
		{2294BAA4-DDE7-4520-996D-0A2F3D329C42}.Profile|x64.ActiveCfg = Debug|x64
		{2294BAA4-DDE7-4520-996D-0A2F3D329C42}.Profile|x64.Build.0 = Debug|x64
		{2294BAA4-DDE7-4520-996D-0A2F3D329C42}.Profile|x86.ActiveCfg = Debug|Win32
		{2294BAA4-DDE7-4520-996D-0A2F3D329C42}.Profile|x86.Build.0 = Debug|Win32
		{2294BAA4-DDE7-4520-996D-0A2F3D329C42}.Release|x64.ActiveCfg = Release|x64
		{2294BAA4-DDE7-4520-996D-0A2F3D329C42}.Release|x64.Build.0 = Release|x64
		{2294BAA4-DDE7-4520-996D-0A2F3D329C42}.Release|x86.ActiveCfg = Release|Win32
		{2294BAA4-DDE7-4520-996D-0A2F3D329C42}.Release|x86.Build.0 = Release|Win32
		{1C5CEAE3-6F92-4768-B227-E082956A4EE7}.Debug|x64.ActiveCfg = Debug|x64
		{1C5CEAE3-6F92-4768-B227-E082956A4EE7}.Debug|x64.Build.0 = Debug|x64
		{1C5CEAE3-6F92-4768-B227-E082956A4EE7}.Debug|x86.ActiveCfg = Debug|Win32
		{1C5CEAE3-6F92-4768-B227-E082956A4EE7}.Debug|x86.Build.0 = Debug|Win32
		{1C5CEAE3-6F92-4768-B227-E082956A4EE7}.Profile|x64.ActiveCfg = Debug|x64
		{1C5CEAE3-6F92-4768-B227-E082956A4EE7}.Profile|x64.Build.0 = Debug|x64
		{1C5CEAE3-6F92-4768-B227-E082956A4EE7}.Profile|x86.ActiveCfg = Debug|Win32
		{1C5CEAE3-6F92-4768-B227-E082956A4EE7}.Profile|x86.Build.0 = Debug|Win32
		{1C5CEAE3-6F92-4768-B227-E082956A4EE7}.Release|x64.ActiveCfg = Release|x64
		{1C5CEAE3-6F92-4768-B227-E082956A4EE7}.Release|x64.Build.0 = Release|x64
		{1C5CEAE3-6F92-4768-B227-E082956A4EE7}.Release|x86.ActiveCfg = Release|Win32
		{1C5CEAE3-6F92-4768-B227-E082956A4EE7}.Release|x86.Build.0 = Release|Win32
		{1202395F-3F20-4B6B-B963-B05F6067159A}.Debug|x64.ActiveCfg = Debug|x64
		{1202395F-3F20-4B6B-B963-B05F6067159A}.Debug|x64.Build.0 = Debug|x64
		{1202395F-3F20-4B6B-B963-B05F6067159A}.Debug|x86.ActiveCfg = Debug|Win32
		{1202395F-3F20-4B6B-B963-B05F6067159A}.Debug|x86.Build.0 = Debug|Win32
		{1202395F-3F20-4B6B-B963-B05F6067159A}.Profile|x64.ActiveCfg = Debug|x64
		{1202395F-3F20-4B6B-B963-B05F6067159A}.Profile|x64.Build.0 = Debug|x64
		{1202395F-3F20-4B6B-B963-B05F6067159A}.Profile|x86.ActiveCfg = Debug|Win32
		{1202395F-3F20-4B6B-B963-B05F6067159A}.Profile|x86.Build.0 = Debug|Win32
		{1202395F-3F20-4B6B-B963-B05F6067159A}.Release|x64.ActiveCfg = Release|x64
		{1202395F-3F20-4B6B-B963-B05F6067159A}.Release|x64.Build.0 = Release|x64
		{1202395F-3F20-4B6B-B963-B05F6067159A}.Release|x86.ActiveCfg = Release|Win32
		{1202395F-3F20-4B6B-B963-B05F6067159A}.Release|x86.Build.0 = Release|Win32
		{30DA7469-861C-4FEE-B442-C129BAC444AA}.Debug|x64.ActiveCfg = Debug|x64
		{30DA7469-861C-4FEE-B442-C129BAC444AA}.Debug|x64.Build.0 = Debug|x64
		{30DA7469-861C-4FEE-B442-C129BAC444AA}.Debug|x86.ActiveCfg = Debug|Win32
		{30DA7469-861C-4FEE-B442-C129BAC444AA}.Debug|x86.Build.0 = Debug|Win32
		{30DA7469-861C-4FEE-B442-C129BAC444AA}.Profile|x64.ActiveCfg = Debug|x64
		{30DA7469-861C-4FEE-B442-C129BAC444AA}.Profile|x64.Build.0 = Debug|x64
		{30DA7469-861C-4FEE-B442-C129BAC444AA}.Profile|x86.ActiveCfg = Debug|Win32
		{30DA7469-861C-4FEE-B442-C129BAC444AA}.Profile|x86.Build.0 = Debug|Win32
		{30DA7469-861C-4FEE-B442-C129BAC444AA}.Release|x64.ActiveCfg = Release|x64
		{30DA7469-861C-4FEE-B442-C129BAC444AA}.Release|x64.Build.0 = Release|x64
		{30DA7469-861C-4FEE-B442-C129BAC444AA}.Release|x86.ActiveCfg = Release|Win32
		{30DA7469-861C-4FEE-B442-C129BAC444AA}.Release|x86.Build.0 = Release|Win32
		{CE184B0F-55D2-4A8E-9CC2-2D4F6BE344E1}.Debug|x64.ActiveCfg = Debug|x64
		{CE184B0F-55D2-4A8E-9CC2-2D4F6BE344E1}.Debug|x64.Build.0 = Debug|x64
		{CE184B0F-55D2-4A8E-9CC2-2D4F6BE344E1}.Debug|x86.ActiveCfg = Debug|Win32
		{CE184B0F-55D2-4A8E-9CC2-2D4F6BE344E1}.Debug|x86.Build.0 = Debug|Win32
		{CE184B0F-55D2-4A8E-9CC2-2D4F6BE344E1}.Profile|x64.ActiveCfg = Debug|x64
		{CE184B0F-55D2-4A8E-9CC2-2D4F6BE344E1}.Profile|x64.Build.0 = Debug|x64
		{CE184B0F-55D2-4A8E-9CC2-2D4F6BE344E1}.Profile|x86.ActiveCfg = Debug|Win32
		{CE184B0F-55D2-4A8E-9CC2-2D4F6BE344E1}.Profile|x86.Build.0 = Debug|Win32
		{CE184B0F-55D2-4A8E-9CC2-2D4F6BE344E1}.Release|x64.ActiveCfg = Release|x64
		{CE184B0F-55D2-4A8E-9CC2-2D4F6BE344E1}.Release|x64.Build.0 = Release|x64
		{CE184B0F-55D2-4A8E-9CC2-2D4F6BE344E1}.Release|x86.ActiveCfg = Release|Win32
		{CE184B0F-55D2-4A8E-9CC2-2D4F6BE344E1}.Release|x86.Build.0 = Release|Win32
		{8879A235-F8AA-43D5-B6FE-A96CF42F02F1}.Debug|x64.ActiveCfg = Debug|x64
		{8879A235-F8AA-43D5-B6FE-A96CF42F02F1}.Debug|x64.Build.0 = Debug|x64
		{8879A235-F8AA-43D5-B6FE-A96CF42F02F1}.Debug|x86.ActiveCfg = Debug|Win32
		{8879A235-F8AA-43D5-B6FE-A96CF42F02F1}.Debug|x86.Build.0 = Debug|Win32
		{8879A235-F8AA-43D5-B6FE-A96CF42F02F1}.Profile|x64.ActiveCfg = Debug|x64
		{8879A235-F8AA-43D5-B6FE-A96CF42F02F1}.Profile|x64.Build.0 = Debug|x64
		{8879A235-F8AA-43D5-B6FE-A96CF42F02F1}.Profile|x86.ActiveCfg = Debug|Win32
		{8879A235-F8AA-43D5-B6FE-A96CF42F02F1}.Profile|x86.Build.0 = Debug|Win32
		{8879A235-F8AA-43D5-B6FE-A96CF42F02F1}.Release|x64.ActiveCfg = Release|x64
		{8879A235-F8AA-43D5-B6FE-A96CF42F02F1}.Release|x64.Build.0 = Release|x64
		{8879A235-F8AA-43D5-B6FE-A96CF42F02F1}.Release|x86.ActiveCfg = Release|Win32
		{8879A235-F8AA-43D5-B6FE-A96CF42F02F1}.Release|x86.Build.0 = Release|Win32
		{988F1768-7CE0-4CF3-A441-D8171D105FCE}.Debug|x64.ActiveCfg = Debug|x64
		{988F1768-7CE0-4CF3-A441-D8171D105FCE}.Debug|x64.Build.0 = Debug|x64
		{988F1768-7CE0-4CF3-A441-D8171D105FCE}.Debug|x86.ActiveCfg = Debug|Win32
		{988F1768-7CE0-4CF3-A441-D8171D105FCE}.Debug|x86.Build.0 = Debug|Win32
		{988F1768-7CE0-4CF3-A441-D8171D105FCE}.Profile|x64.ActiveCfg = Debug|x64
		{988F1768-7CE0-4CF3-A441-D8171D105FCE}.Profile|x64.Build.0 = Debug|x64
		{988F1768-7CE0-4CF3-A441-D8171D105FCE}.Profile|x86.ActiveCfg = Debug|Win32
		{988F1768-7CE0-4CF3-A441-D8171D105FCE}.Profile|x86.Build.0 = Debug|Win32
		{988F1768-7CE0-4CF3-A441-D8171D105FCE}.Release|x64.ActiveCfg = Release|x64
		{988F1768-7CE0-4CF3-A441-D8171D105FCE}.Release|x64.Build.0 = Release|x64
		{988F1768-7CE0-4CF3-A441-D8171D105FCE}.Release|x86.ActiveCfg = Release|Win32
		{988F1768-7CE0-4CF3-A441-D8171D105FCE}.Release|x86.Build.0 = Release|Win32
		{74BF1D0F-AE3A-4E6C-AD65-74279889B2BC}.Debug|x64.ActiveCfg = Debug|x64
		{74BF1D0F-AE3A-4E6C-AD65-74279889B2BC}.Debug|x64.Build.0 = Debug|x64
		{74BF1D0F-AE3A-4E6C-AD65-74279889B2BC}.Debug|x86.ActiveCfg = Debug|Win32
		{74BF1D0F-AE3A-4E6C-AD65-74279889B2BC}.Debug|x86.Build.0 = Debug|Win32
		{74BF1D0F-AE3A-4E6C-AD65-74279889B2BC}.Profile|x64.ActiveCfg = Debug|x64
		{74BF1D0F-AE3A-4E6C-AD65-74279889B2BC}.Profile|x64.Build.0 = Debug|x64
		{74BF1D0F-AE3A-4E6C-AD65-74279889B2BC}.Profile|x86.ActiveCfg = Debug|Win32
		{74BF1D0F-AE3A-4E6C-AD65-74279889B2BC}.Profile|x86.Build.0 = Debug|Win32
		{74BF1D0F-AE3A-4E6C-AD65-74279889B2BC}.Release|x64.ActiveCfg = Release|x64
		{74BF1D0F-AE3A-4E6C-AD65-74279889B2BC}.Release|x64.Build.0 = Release|x64
		{74BF1D0F-AE3A-4E6C-AD65-74279889B2BC}.Release|x86.ActiveCfg = Release|Win32
		{74BF1D0F-AE3A-4E6C-AD65-74279889B2BC}.Release|x86.Build.0 = Release|Win32
	EndGlobalSection
	GlobalSection(SolutionProperties) = preSolution
		HideSolutionNode = FALSE
	EndGlobalSection
	GlobalSection(ExtensibilityGlobals) = postSolution
		SolutionGuid = {E1D5750B-FD2E-4A35-A0F6-04A40D64EBFE}
	EndGlobalSection
EndGlobal
